
Microsoft Visual Studio Solution File, Format Version 12.00
# Visual Studio Version 17
VisualStudioVersion = 17.2.32519.379
MinimumVisualStudioVersion = 10.0.40219.1
Project("{FAE04EC0-301F-11D3-BF4B-00C04F79EFBC}") = "GeneralStoreMVC", "GeneralStoreMVC\GeneralStoreMVC.csproj", "{741EE190-3FF5-413B-B616-183D3BA82235}"
EndProject
Global
	GlobalSection(SolutionConfigurationPlatforms) = preSolution
		Debug|Any CPU = Debug|Any CPU
		Release|Any CPU = Release|Any CPU
	EndGlobalSection
	GlobalSection(ProjectConfigurationPlatforms) = postSolution
		{741EE190-3FF5-413B-B616-183D3BA82235}.Debug|Any CPU.ActiveCfg = Debug|Any CPU
		{741EE190-3FF5-413B-B616-183D3BA82235}.Debug|Any CPU.Build.0 = Debug|Any CPU
		{741EE190-3FF5-413B-B616-183D3BA82235}.Release|Any CPU.ActiveCfg = Release|Any CPU
		{741EE190-3FF5-413B-B616-183D3BA82235}.Release|Any CPU.Build.0 = Release|Any CPU
	EndGlobalSection
	GlobalSection(SolutionProperties) = preSolution
		HideSolutionNode = FALSE
	EndGlobalSection
	GlobalSection(ExtensibilityGlobals) = postSolution
		SolutionGuid = {40FC7F7B-9308-404B-8A5E-5DB986EECA6A}
	EndGlobalSection
EndGlobal
